
Microsoft Visual Studio Solution File, Format Version 12.00
# Visual Studio Version 16
VisualStudioVersion = 16.0.30011.22
MinimumVisualStudioVersion = 10.0.40219.1
Project("{FAE04EC0-301F-11D3-BF4B-00C04F79EFBC}") = "VisitorPattern", "VisitorPattern\VisitorPattern.csproj", "{DAFC9619-9862-4B53-A340-D1D796FB7B64}"
EndProject
Global
	GlobalSection(SolutionConfigurationPlatforms) = preSolution
		Debug|Any CPU = Debug|Any CPU
		Release|Any CPU = Release|Any CPU
	EndGlobalSection
	GlobalSection(ProjectConfigurationPlatforms) = postSolution
		{DAFC9619-9862-4B53-A340-D1D796FB7B64}.Debug|Any CPU.ActiveCfg = Debug|Any CPU
		{DAFC9619-9862-4B53-A340-D1D796FB7B64}.Debug|Any CPU.Build.0 = Debug|Any CPU
		{DAFC9619-9862-4B53-A340-D1D796FB7B64}.Release|Any CPU.ActiveCfg = Release|Any CPU
		{DAFC9619-9862-4B53-A340-D1D796FB7B64}.Release|Any CPU.Build.0 = Release|Any CPU
	EndGlobalSection
	GlobalSection(SolutionProperties) = preSolution
		HideSolutionNode = FALSE
	EndGlobalSection
	GlobalSection(ExtensibilityGlobals) = postSolution
		SolutionGuid = {3DC7764B-D5E3-4A5B-8281-36F3C6BBE312}
	EndGlobalSection
EndGlobal
